// !$*UTF8*$!
{
	archiveVersion = 1;
	classes = {
	};
	objectVersion = 55;
	objects = {

/* Begin PBXBuildFile section */
		9008911027ED654A009C364D /* ProfileCardComponentApp.swift in Sources */ = {isa = PBXBuildFile; fileRef = 9008910027ED6549009C364D /* ProfileCardComponentApp.swift */; };
		9008911127ED654A009C364D /* ProfileCardComponentApp.swift in Sources */ = {isa = PBXBuildFile; fileRef = 9008910027ED6549009C364D /* ProfileCardComponentApp.swift */; };
		9008911227ED654A009C364D /* ContentView.swift in Sources */ = {isa = PBXBuildFile; fileRef = 9008910127ED6549009C364D /* ContentView.swift */; };
		9008911327ED654A009C364D /* ContentView.swift in Sources */ = {isa = PBXBuildFile; fileRef = 9008910127ED6549009C364D /* ContentView.swift */; };
		9008911427ED654A009C364D /* Assets.xcassets in Resources */ = {isa = PBXBuildFile; fileRef = 9008910227ED654A009C364D /* Assets.xcassets */; };
		9008911527ED654A009C364D /* Assets.xcassets in Resources */ = {isa = PBXBuildFile; fileRef = 9008910227ED654A009C364D /* Assets.xcassets */; };
		9008912027ED65C6009C364D /* KumbhSans.ttf in Resources */ = {isa = PBXBuildFile; fileRef = 9008911F27ED65C6009C364D /* KumbhSans.ttf */; };
		9008912427EECEDE009C364D /* Card.swift in Sources */ = {isa = PBXBuildFile; fileRef = 9008912327EECEDE009C364D /* Card.swift */; };
		9008912627EED2BF009C364D /* Profile.swift in Sources */ = {isa = PBXBuildFile; fileRef = 9008912527EED2BF009C364D /* Profile.swift */; };
		9008912827EED2EF009C364D /* Detail.swift in Sources */ = {isa = PBXBuildFile; fileRef = 9008912727EED2EF009C364D /* Detail.swift */; };
		9008912B27EED3E0009C364D /* CustomFont.swift in Sources */ = {isa = PBXBuildFile; fileRef = 9008912A27EED3E0009C364D /* CustomFont.swift */; };
/* End PBXBuildFile section */

/* Begin PBXFileReference section */
		9008910027ED6549009C364D /* ProfileCardComponentApp.swift */ = {isa = PBXFileReference; lastKnownFileType = sourcecode.swift; path = ProfileCardComponentApp.swift; sourceTree = "<group>"; };
		9008910127ED6549009C364D /* ContentView.swift */ = {isa = PBXFileReference; lastKnownFileType = sourcecode.swift; path = ContentView.swift; sourceTree = "<group>"; };
		9008910227ED654A009C364D /* Assets.xcassets */ = {isa = PBXFileReference; lastKnownFileType = folder.assetcatalog; path = Assets.xcassets; sourceTree = "<group>"; };
		9008910727ED654A009C364D /* ProfileCardComponent.app */ = {isa = PBXFileReference; explicitFileType = wrapper.application; includeInIndex = 0; path = ProfileCardComponent.app; sourceTree = BUILT_PRODUCTS_DIR; };
		9008910D27ED654A009C364D /* ProfileCardComponent.app */ = {isa = PBXFileReference; explicitFileType = wrapper.application; includeInIndex = 0; path = ProfileCardComponent.app; sourceTree = BUILT_PRODUCTS_DIR; };
		9008910F27ED654A009C364D /* macOS.entitlements */ = {isa = PBXFileReference; lastKnownFileType = text.plist.entitlements; path = macOS.entitlements; sourceTree = "<group>"; };
		9008911F27ED65C6009C364D /* KumbhSans.ttf */ = {isa = PBXFileReference; lastKnownFileType = file; path = KumbhSans.ttf; sourceTree = "<group>"; };
		9008912127ED65DC009C364D /* ProfileCardComponent--iOS--Info.plist */ = {isa = PBXFileReference; lastKnownFileType = text.plist; path = "ProfileCardComponent--iOS--Info.plist"; sourceTree = "<group>"; };
		9008912327EECEDE009C364D /* Card.swift */ = {isa = PBXFileReference; lastKnownFileType = sourcecode.swift; path = Card.swift; sourceTree = "<group>"; };
		9008912527EED2BF009C364D /* Profile.swift */ = {isa = PBXFileReference; lastKnownFileType = sourcecode.swift; path = Profile.swift; sourceTree = "<group>"; };
		9008912727EED2EF009C364D /* Detail.swift */ = {isa = PBXFileReference; lastKnownFileType = sourcecode.swift; path = Detail.swift; sourceTree = "<group>"; };
		9008912A27EED3E0009C364D /* CustomFont.swift */ = {isa = PBXFileReference; lastKnownFileType = sourcecode.swift; path = CustomFont.swift; sourceTree = "<group>"; };
/* End PBXFileReference section */

/* Begin PBXFrameworksBuildPhase section */
		9008910427ED654A009C364D /* Frameworks */ = {
			isa = PBXFrameworksBuildPhase;
			buildActionMask = 2147483647;
			files = (
			);
			runOnlyForDeploymentPostprocessing = 0;
		};
		9008910A27ED654A009C364D /* Frameworks */ = {
			isa = PBXFrameworksBuildPhase;
			buildActionMask = 2147483647;
			files = (
			);
			runOnlyForDeploymentPostprocessing = 0;
		};
/* End PBXFrameworksBuildPhase section */

/* Begin PBXGroup section */
		900890FA27ED6549009C364D = {
			isa = PBXGroup;
			children = (
				9008912127ED65DC009C364D /* ProfileCardComponent--iOS--Info.plist */,
				900890FF27ED6549009C364D /* Shared */,
				9008910E27ED654A009C364D /* macOS */,
				9008910827ED654A009C364D /* Products */,
			);
			sourceTree = "<group>";
		};
		900890FF27ED6549009C364D /* Shared */ = {
			isa = PBXGroup;
			children = (
				9008912927EED3DA009C364D /* Modifiers */,
				9008912227EECED7009C364D /* Components */,
				9008911E27ED65BD009C364D /* Fonts */,
				9008910027ED6549009C364D /* ProfileCardComponentApp.swift */,
				9008910127ED6549009C364D /* ContentView.swift */,
				9008910227ED654A009C364D /* Assets.xcassets */,
			);
			path = Shared;
			sourceTree = "<group>";
		};
		9008910827ED654A009C364D /* Products */ = {
			isa = PBXGroup;
			children = (
				9008910727ED654A009C364D /* ProfileCardComponent.app */,
				9008910D27ED654A009C364D /* ProfileCardComponent.app */,
			);
			name = Products;
			sourceTree = "<group>";
		};
		9008910E27ED654A009C364D /* macOS */ = {
			isa = PBXGroup;
			children = (
				9008910F27ED654A009C364D /* macOS.entitlements */,
			);
			path = macOS;
			sourceTree = "<group>";
		};
		9008911E27ED65BD009C364D /* Fonts */ = {
			isa = PBXGroup;
			children = (
				9008911F27ED65C6009C364D /* KumbhSans.ttf */,
			);
			path = Fonts;
			sourceTree = "<group>";
		};
		9008912227EECED7009C364D /* Components */ = {
			isa = PBXGroup;
			children = (
				9008912327EECEDE009C364D /* Card.swift */,
				9008912527EED2BF009C364D /* Profile.swift */,
				9008912727EED2EF009C364D /* Detail.swift */,
			);
			path = Components;
			sourceTree = "<group>";
		};
		9008912927EED3DA009C364D /* Modifiers */ = {
			isa = PBXGroup;
			children = (
				9008912A27EED3E0009C364D /* CustomFont.swift */,
			);
			path = Modifiers;
			sourceTree = "<group>";
		};
/* End PBXGroup section */

/* Begin PBXNativeTarget section */
		9008910627ED654A009C364D /* ProfileCardComponent (iOS) */ = {
			isa = PBXNativeTarget;
			buildConfigurationList = 9008911827ED654A009C364D /* Build configuration list for PBXNativeTarget "ProfileCardComponent (iOS)" */;
			buildPhases = (
				9008910327ED654A009C364D /* Sources */,
				9008910427ED654A009C364D /* Frameworks */,
				9008910527ED654A009C364D /* Resources */,
			);
			buildRules = (
			);
			dependencies = (
			);
			name = "ProfileCardComponent (iOS)";
			productName = "ProfileCardComponent (iOS)";
			productReference = 9008910727ED654A009C364D /* ProfileCardComponent.app */;
			productType = "com.apple.product-type.application";
		};
		9008910C27ED654A009C364D /* ProfileCardComponent (macOS) */ = {
			isa = PBXNativeTarget;
			buildConfigurationList = 9008911B27ED654A009C364D /* Build configuration list for PBXNativeTarget "ProfileCardComponent (macOS)" */;
			buildPhases = (
				9008910927ED654A009C364D /* Sources */,
				9008910A27ED654A009C364D /* Frameworks */,
				9008910B27ED654A009C364D /* Resources */,
			);
			buildRules = (
			);
			dependencies = (
			);
			name = "ProfileCardComponent (macOS)";
			productName = "ProfileCardComponent (macOS)";
			productReference = 9008910D27ED654A009C364D /* ProfileCardComponent.app */;
			productType = "com.apple.product-type.application";
		};
/* End PBXNativeTarget section */

/* Begin PBXProject section */
		900890FB27ED6549009C364D /* Project object */ = {
			isa = PBXProject;
			attributes = {
				BuildIndependentTargetsInParallel = 1;
				LastSwiftUpdateCheck = 1330;
				LastUpgradeCheck = 1330;
				TargetAttributes = {
					9008910627ED654A009C364D = {
						CreatedOnToolsVersion = 13.3;
					};
					9008910C27ED654A009C364D = {
						CreatedOnToolsVersion = 13.3;
					};
				};
			};
			buildConfigurationList = 900890FE27ED6549009C364D /* Build configuration list for PBXProject "ProfileCardComponent" */;
			compatibilityVersion = "Xcode 13.0";
			developmentRegion = en;
			hasScannedForEncodings = 0;
			knownRegions = (
				en,
				Base,
			);
			mainGroup = 900890FA27ED6549009C364D;
			productRefGroup = 9008910827ED654A009C364D /* Products */;
			projectDirPath = "";
			projectRoot = "";
			targets = (
				9008910627ED654A009C364D /* ProfileCardComponent (iOS) */,
				9008910C27ED654A009C364D /* ProfileCardComponent (macOS) */,
			);
		};
/* End PBXProject section */

/* Begin PBXResourcesBuildPhase section */
		9008910527ED654A009C364D /* Resources */ = {
			isa = PBXResourcesBuildPhase;
			buildActionMask = 2147483647;
			files = (
				9008911427ED654A009C364D /* Assets.xcassets in Resources */,
				9008912027ED65C6009C364D /* KumbhSans.ttf in Resources */,
			);
			runOnlyForDeploymentPostprocessing = 0;
		};
		9008910B27ED654A009C364D /* Resources */ = {
			isa = PBXResourcesBuildPhase;
			buildActionMask = 2147483647;
			files = (
				9008911527ED654A009C364D /* Assets.xcassets in Resources */,
			);
			runOnlyForDeploymentPostprocessing = 0;
		};
/* End PBXResourcesBuildPhase section */

/* Begin PBXSourcesBuildPhase section */
		9008910327ED654A009C364D /* Sources */ = {
			isa = PBXSourcesBuildPhase;
			buildActionMask = 2147483647;
			files = (
				9008911227ED654A009C364D /* ContentView.swift in Sources */,
				9008912B27EED3E0009C364D /* CustomFont.swift in Sources */,
				9008912627EED2BF009C364D /* Profile.swift in Sources */,
				9008912427EECEDE009C364D /* Card.swift in Sources */,
				9008911027ED654A009C364D /* ProfileCardComponentApp.swift in Sources */,
				9008912827EED2EF009C364D /* Detail.swift in Sources */,
			);
			runOnlyForDeploymentPostprocessing = 0;
		};
		9008910927ED654A009C364D /* Sources */ = {
			isa = PBXSourcesBuildPhase;
			buildActionMask = 2147483647;
			files = (
				9008911327ED654A009C364D /* ContentView.swift in Sources */,
				9008911127ED654A009C364D /* ProfileCardComponentApp.swift in Sources */,
			);
			runOnlyForDeploymentPostprocessing = 0;
		};
/* End PBXSourcesBuildPhase section */

/* Begin XCBuildConfiguration section */
		9008911627ED654A009C364D /* Debug */ = {
			isa = XCBuildConfiguration;
			buildSettings = {
				ALWAYS_SEARCH_USER_PATHS = NO;
				CLANG_ANALYZER_NONNULL = YES;
				CLANG_ANALYZER_NUMBER_OBJECT_CONVERSION = YES_AGGRESSIVE;
				CLANG_CXX_LANGUAGE_STANDARD = "gnu++17";
				CLANG_ENABLE_MODULES = YES;
				CLANG_ENABLE_OBJC_ARC = YES;
				CLANG_ENABLE_OBJC_WEAK = YES;
				CLANG_WARN_BLOCK_CAPTURE_AUTORELEASING = YES;
				CLANG_WARN_BOOL_CONVERSION = YES;
				CLANG_WARN_COMMA = YES;
				CLANG_WARN_CONSTANT_CONVERSION = YES;
				CLANG_WARN_DEPRECATED_OBJC_IMPLEMENTATIONS = YES;
				CLANG_WARN_DIRECT_OBJC_ISA_USAGE = YES_ERROR;
				CLANG_WARN_DOCUMENTATION_COMMENTS = YES;
				CLANG_WARN_EMPTY_BODY = YES;
				CLANG_WARN_ENUM_CONVERSION = YES;
				CLANG_WARN_INFINITE_RECURSION = YES;
				CLANG_WARN_INT_CONVERSION = YES;
				CLANG_WARN_NON_LITERAL_NULL_CONVERSION = YES;
				CLANG_WARN_OBJC_IMPLICIT_RETAIN_SELF = YES;
				CLANG_WARN_OBJC_LITERAL_CONVERSION = YES;
				CLANG_WARN_OBJC_ROOT_CLASS = YES_ERROR;
				CLANG_WARN_QUOTED_INCLUDE_IN_FRAMEWORK_HEADER = YES;
				CLANG_WARN_RANGE_LOOP_ANALYSIS = YES;
				CLANG_WARN_STRICT_PROTOTYPES = YES;
				CLANG_WARN_SUSPICIOUS_MOVE = YES;
				CLANG_WARN_UNGUARDED_AVAILABILITY = YES_AGGRESSIVE;
				CLANG_WARN_UNREACHABLE_CODE = YES;
				CLANG_WARN__DUPLICATE_METHOD_MATCH = YES;
				COPY_PHASE_STRIP = NO;
				DEBUG_INFORMATION_FORMAT = dwarf;
				ENABLE_STRICT_OBJC_MSGSEND = YES;
				ENABLE_TESTABILITY = YES;
				GCC_C_LANGUAGE_STANDARD = gnu11;
				GCC_DYNAMIC_NO_PIC = NO;
				GCC_NO_COMMON_BLOCKS = YES;
				GCC_OPTIMIZATION_LEVEL = 0;
				GCC_PREPROCESSOR_DEFINITIONS = (
					"DEBUG=1",
					"$(inherited)",
				);
				GCC_WARN_64_TO_32_BIT_CONVERSION = YES;
				GCC_WARN_ABOUT_RETURN_TYPE = YES_ERROR;
				GCC_WARN_UNDECLARED_SELECTOR = YES;
				GCC_WARN_UNINITIALIZED_AUTOS = YES_AGGRESSIVE;
				GCC_WARN_UNUSED_FUNCTION = YES;
				GCC_WARN_UNUSED_VARIABLE = YES;
				IPHONEOS_DEPLOYMENT_TARGET = 15.4;
				MACOSX_DEPLOYMENT_TARGET = 12.3;
				MTL_ENABLE_DEBUG_INFO = INCLUDE_SOURCE;
				MTL_FAST_MATH = YES;
				ONLY_ACTIVE_ARCH = YES;
				SWIFT_ACTIVE_COMPILATION_CONDITIONS = DEBUG;
				SWIFT_OPTIMIZATION_LEVEL = "-Onone";
			};
			name = Debug;
		};
		9008911727ED654A009C364D /* Release */ = {
			isa = XCBuildConfiguration;
			buildSettings = {
				ALWAYS_SEARCH_USER_PATHS = NO;
				CLANG_ANALYZER_NONNULL = YES;
				CLANG_ANALYZER_NUMBER_OBJECT_CONVERSION = YES_AGGRESSIVE;
				CLANG_CXX_LANGUAGE_STANDARD = "gnu++17";
				CLANG_ENABLE_MODULES = YES;
				CLANG_ENABLE_OBJC_ARC = YES;
				CLANG_ENABLE_OBJC_WEAK = YES;
				CLANG_WARN_BLOCK_CAPTURE_AUTORELEASING = YES;
				CLANG_WARN_BOOL_CONVERSION = YES;
				CLANG_WARN_COMMA = YES;
				CLANG_WARN_CONSTANT_CONVERSION = YES;
				CLANG_WARN_DEPRECATED_OBJC_IMPLEMENTATIONS = YES;
				CLANG_WARN_DIRECT_OBJC_ISA_USAGE = YES_ERROR;
				CLANG_WARN_DOCUMENTATION_COMMENTS = YES;
				CLANG_WARN_EMPTY_BODY = YES;
				CLANG_WARN_ENUM_CONVERSION = YES;
				CLANG_WARN_INFINITE_RECURSION = YES;
				CLANG_WARN_INT_CONVERSION = YES;
				CLANG_WARN_NON_LITERAL_NULL_CONVERSION = YES;
				CLANG_WARN_OBJC_IMPLICIT_RETAIN_SELF = YES;
				CLANG_WARN_OBJC_LITERAL_CONVERSION = YES;
				CLANG_WARN_OBJC_ROOT_CLASS = YES_ERROR;
				CLANG_WARN_QUOTED_INCLUDE_IN_FRAMEWORK_HEADER = YES;
				CLANG_WARN_RANGE_LOOP_ANALYSIS = YES;
				CLANG_WARN_STRICT_PROTOTYPES = YES;
				CLANG_WARN_SUSPICIOUS_MOVE = YES;
				CLANG_WARN_UNGUARDED_AVAILABILITY = YES_AGGRESSIVE;
				CLANG_WARN_UNREACHABLE_CODE = YES;
				CLANG_WARN__DUPLICATE_METHOD_MATCH = YES;
				COPY_PHASE_STRIP = NO;
				DEBUG_INFORMATION_FORMAT = "dwarf-with-dsym";
				ENABLE_NS_ASSERTIONS = NO;
				ENABLE_STRICT_OBJC_MSGSEND = YES;
				GCC_C_LANGUAGE_STANDARD = gnu11;
				GCC_NO_COMMON_BLOCKS = YES;
				GCC_WARN_64_TO_32_BIT_CONVERSION = YES;
				GCC_WARN_ABOUT_RETURN_TYPE = YES_ERROR;
				GCC_WARN_UNDECLARED_SELECTOR = YES;
				GCC_WARN_UNINITIALIZED_AUTOS = YES_AGGRESSIVE;
				GCC_WARN_UNUSED_FUNCTION = YES;
				GCC_WARN_UNUSED_VARIABLE = YES;
				IPHONEOS_DEPLOYMENT_TARGET = 15.4;
				MACOSX_DEPLOYMENT_TARGET = 12.3;
				MTL_ENABLE_DEBUG_INFO = NO;
				MTL_FAST_MATH = YES;
				SWIFT_COMPILATION_MODE = wholemodule;
				SWIFT_OPTIMIZATION_LEVEL = "-O";
			};
			name = Release;
		};
		9008911927ED654A009C364D /* Debug */ = {
			isa = XCBuildConfiguration;
			buildSettings = {
				ASSETCATALOG_COMPILER_APPICON_NAME = AppIcon;
				ASSETCATALOG_COMPILER_GLOBAL_ACCENT_COLOR_NAME = AccentColor;
				CODE_SIGN_STYLE = Automatic;
				CURRENT_PROJECT_VERSION = 1;
				DEVELOPMENT_TEAM = 862P2X6G9G;
				ENABLE_PREVIEWS = YES;
				GENERATE_INFOPLIST_FILE = YES;
				INFOPLIST_FILE = "ProfileCardComponent--iOS--Info.plist";
				INFOPLIST_KEY_UIApplicationSceneManifest_Generation = YES;
				INFOPLIST_KEY_UIApplicationSupportsIndirectInputEvents = YES;
				INFOPLIST_KEY_UILaunchScreen_Generation = YES;
				INFOPLIST_KEY_UISupportedInterfaceOrientations_iPad = "UIInterfaceOrientationPortrait UIInterfaceOrientationPortraitUpsideDown UIInterfaceOrientationLandscapeLeft UIInterfaceOrientationLandscapeRight";
				INFOPLIST_KEY_UISupportedInterfaceOrientations_iPhone = "UIInterfaceOrientationPortrait UIInterfaceOrientationLandscapeLeft UIInterfaceOrientationLandscapeRight";
				IPHONEOS_DEPLOYMENT_TARGET = 15.4;
				LD_RUNPATH_SEARCH_PATHS = (
					"$(inherited)",
					"@executable_path/Frameworks",
				);
				MARKETING_VERSION = 1.0;
				PRODUCT_BUNDLE_IDENTIFIER = me.jinwook.kim.ProfileCardComponent;
				PRODUCT_NAME = ProfileCardComponent;
				SDKROOT = iphoneos;
				SWIFT_EMIT_LOC_STRINGS = YES;
				SWIFT_VERSION = 5.0;
				TARGETED_DEVICE_FAMILY = "1,2";
			};
			name = Debug;
		};
		9008911A27ED654A009C364D /* Release */ = {
			isa = XCBuildConfiguration;
			buildSettings = {
				ASSETCATALOG_COMPILER_APPICON_NAME = AppIcon;
				ASSETCATALOG_COMPILER_GLOBAL_ACCENT_COLOR_NAME = AccentColor;
				CODE_SIGN_STYLE = Automatic;
				CURRENT_PROJECT_VERSION = 1;
				DEVELOPMENT_TEAM = 862P2X6G9G;
				ENABLE_PREVIEWS = YES;
				GENERATE_INFOPLIST_FILE = YES;
				INFOPLIST_FILE = "ProfileCardComponent--iOS--Info.plist";
				INFOPLIST_KEY_UIApplicationSceneManifest_Generation = YES;
				INFOPLIST_KEY_UIApplicationSupportsIndirectInputEvents = YES;
				INFOPLIST_KEY_UILaunchScreen_Generation = YES;
				INFOPLIST_KEY_UISupportedInterfaceOrientations_iPad = "UIInterfaceOrientationPortrait UIInterfaceOrientationPortraitUpsideDown UIInterfaceOrientationLandscapeLeft UIInterfaceOrientationLandscapeRight";
				INFOPLIST_KEY_UISupportedInterfaceOrientations_iPhone = "UIInterfaceOrientationPortrait UIInterfaceOrientationLandscapeLeft UIInterfaceOrientationLandscapeRight";
				IPHONEOS_DEPLOYMENT_TARGET = 15.4;
				LD_RUNPATH_SEARCH_PATHS = (
					"$(inherited)",
					"@executable_path/Frameworks",
				);
				MARKETING_VERSION = 1.0;
				PRODUCT_BUNDLE_IDENTIFIER = me.jinwook.kim.ProfileCardComponent;
				PRODUCT_NAME = ProfileCardComponent;
				SDKROOT = iphoneos;
				SWIFT_EMIT_LOC_STRINGS = YES;
				SWIFT_VERSION = 5.0;
				TARGETED_DEVICE_FAMILY = "1,2";
				VALIDATE_PRODUCT = YES;
			};
			name = Release;
		};
		9008911C27ED654A009C364D /* Debug */ = {
			isa = XCBuildConfiguration;
			buildSettings = {
				ASSETCATALOG_COMPILER_APPICON_NAME = AppIcon;
				ASSETCATALOG_COMPILER_GLOBAL_ACCENT_COLOR_NAME = AccentColor;
				CODE_SIGN_ENTITLEMENTS = macOS/macOS.entitlements;
				CODE_SIGN_STYLE = Automatic;
				COMBINE_HIDPI_IMAGES = YES;
				CURRENT_PROJECT_VERSION = 1;
				DEVELOPMENT_TEAM = 862P2X6G9G;
				ENABLE_HARDENED_RUNTIME = YES;
				ENABLE_PREVIEWS = YES;
				GENERATE_INFOPLIST_FILE = YES;
				INFOPLIST_KEY_NSHumanReadableCopyright = "";
				LD_RUNPATH_SEARCH_PATHS = (
					"$(inherited)",
					"@executable_path/../Frameworks",
				);
				MACOSX_DEPLOYMENT_TARGET = 12.3;
				MARKETING_VERSION = 1.0;
				PRODUCT_BUNDLE_IDENTIFIER = me.jinwook.kim.ProfileCardComponent;
				PRODUCT_NAME = ProfileCardComponent;
				SDKROOT = macosx;
				SWIFT_EMIT_LOC_STRINGS = YES;
				SWIFT_VERSION = 5.0;
			};
			name = Debug;
		};
		9008911D27ED654A009C364D /* Release */ = {
			isa = XCBuildConfiguration;
			buildSettings = {
				ASSETCATALOG_COMPILER_APPICON_NAME = AppIcon;
				ASSETCATALOG_COMPILER_GLOBAL_ACCENT_COLOR_NAME = AccentColor;
				CODE_SIGN_ENTITLEMENTS = macOS/macOS.entitlements;
				CODE_SIGN_STYLE = Automatic;
				COMBINE_HIDPI_IMAGES = YES;
				CURRENT_PROJECT_VERSION = 1;
				DEVELOPMENT_TEAM = 862P2X6G9G;
				ENABLE_HARDENED_RUNTIME = YES;
				ENABLE_PREVIEWS = YES;
				GENERATE_INFOPLIST_FILE = YES;
				INFOPLIST_KEY_NSHumanReadableCopyright = "";
				LD_RUNPATH_SEARCH_PATHS = (
					"$(inherited)",
					"@executable_path/../Frameworks",
				);
				MACOSX_DEPLOYMENT_TARGET = 12.3;
				MARKETING_VERSION = 1.0;
				PRODUCT_BUNDLE_IDENTIFIER = me.jinwook.kim.ProfileCardComponent;
				PRODUCT_NAME = ProfileCardComponent;
				SDKROOT = macosx;
				SWIFT_EMIT_LOC_STRINGS = YES;
				SWIFT_VERSION = 5.0;
			};
			name = Release;
		};
/* End XCBuildConfiguration section */

/* Begin XCConfigurationList section */
		900890FE27ED6549009C364D /* Build configuration list for PBXProject "ProfileCardComponent" */ = {
			isa = XCConfigurationList;
			buildConfigurations = (
				9008911627ED654A009C364D /* Debug */,
				9008911727ED654A009C364D /* Release */,
			);
			defaultConfigurationIsVisible = 0;
			defaultConfigurationName = Release;
		};
		9008911827ED654A009C364D /* Build configuration list for PBXNativeTarget "ProfileCardComponent (iOS)" */ = {
			isa = XCConfigurationList;
			buildConfigurations = (
				9008911927ED654A009C364D /* Debug */,
				9008911A27ED654A009C364D /* Release */,
			);
			defaultConfigurationIsVisible = 0;
			defaultConfigurationName = Release;
		};
		9008911B27ED654A009C364D /* Build configuration list for PBXNativeTarget "ProfileCardComponent (macOS)" */ = {
			isa = XCConfigurationList;
			buildConfigurations = (
				9008911C27ED654A009C364D /* Debug */,
				9008911D27ED654A009C364D /* Release */,
			);
			defaultConfigurationIsVisible = 0;
			defaultConfigurationName = Release;
		};
/* End XCConfigurationList section */
	};
	rootObject = 900890FB27ED6549009C364D /* Project object */;
}
